
Microsoft Visual Studio Solution File, Format Version 9.00
# Visual Studio 2005
Project("{8BC9CEB8-8B4A-11D0-8D11-00A0C91BC942}") = "libgeigui", "libgeigui\libgeigui.vcproj", "{3CC8B3DC-1180-4878-BC86-894159F82CF2}"
EndProject
Project("{8BC9CEB8-8B4A-11D0-8D11-00A0C91BC942}") = "testgui", "testgui\testgui.vcproj", "{87DBAE0F-BF26-4003-9571-66B5EE993763}"
EndProject
Global
	GlobalSection(SolutionConfigurationPlatforms) = preSolution
		Debug|Win32 = Debug|Win32
		Release|Win32 = Release|Win32
	EndGlobalSection
	GlobalSection(ProjectConfigurationPlatforms) = postSolution
		{3CC8B3DC-1180-4878-BC86-894159F82CF2}.Debug|Win32.ActiveCfg = Release|Win32
		{3CC8B3DC-1180-4878-BC86-894159F82CF2}.Debug|Win32.Build.0 = Release|Win32
		{3CC8B3DC-1180-4878-BC86-894159F82CF2}.Release|Win32.ActiveCfg = Release|Win32
		{3CC8B3DC-1180-4878-BC86-894159F82CF2}.Release|Win32.Build.0 = Release|Win32
		{87DBAE0F-BF26-4003-9571-66B5EE993763}.Debug|Win32.ActiveCfg = Release|Win32
		{87DBAE0F-BF26-4003-9571-66B5EE993763}.Debug|Win32.Build.0 = Release|Win32
		{87DBAE0F-BF26-4003-9571-66B5EE993763}.Release|Win32.ActiveCfg = Release|Win32
		{87DBAE0F-BF26-4003-9571-66B5EE993763}.Release|Win32.Build.0 = Release|Win32
	EndGlobalSection
	GlobalSection(SolutionProperties) = preSolution
		HideSolutionNode = FALSE
	EndGlobalSection
EndGlobal
